
Microsoft Visual Studio Solution File, Format Version 12.00
# Visual Studio Version 16
VisualStudioVersion = 16.0.29806.167
MinimumVisualStudioVersion = 15.0.26124.0
Project("{9A19103F-16F7-4668-BE54-9A1E7A4F7556}") = "AggregateService", "AggregateService\AggregateService.csproj", "{23F01CFE-D401-4BB5-8878-C1EF76569DE2}"
EndProject
Project("{9A19103F-16F7-4668-BE54-9A1E7A4F7556}") = "MemberService", "MemberService\MemberService.csproj", "{486D4D59-8777-4FCA-95DC-65560F4016C8}"
EndProject
Project("{9A19103F-16F7-4668-BE54-9A1E7A4F7556}") = "TeamService", "TeamService\TeamService.csproj", "{0FC6BC59-9290-454C-87E7-EB6FDC17FFC4}"
EndProject
Project("{FAE04EC0-301F-11D3-BF4B-00C04F79EFBC}") = "MicroServiceCore", "MicroServiceCore\MicroServiceCore.csproj", "{2CD1CCFF-68DF-44CA-A569-D4E25A5F22EC}"
EndProject
Global
	GlobalSection(SolutionConfigurationPlatforms) = preSolution
		Debug|Any CPU = Debug|Any CPU
		Debug|x64 = Debug|x64
		Debug|x86 = Debug|x86
		Release|Any CPU = Release|Any CPU
		Release|x64 = Release|x64
		Release|x86 = Release|x86
	EndGlobalSection
	GlobalSection(ProjectConfigurationPlatforms) = postSolution
		{23F01CFE-D401-4BB5-8878-C1EF76569DE2}.Debug|Any CPU.ActiveCfg = Debug|Any CPU
		{23F01CFE-D401-4BB5-8878-C1EF76569DE2}.Debug|Any CPU.Build.0 = Debug|Any CPU
		{23F01CFE-D401-4BB5-8878-C1EF76569DE2}.Debug|x64.ActiveCfg = Debug|Any CPU
		{23F01CFE-D401-4BB5-8878-C1EF76569DE2}.Debug|x64.Build.0 = Debug|Any CPU
		{23F01CFE-D401-4BB5-8878-C1EF76569DE2}.Debug|x86.ActiveCfg = Debug|Any CPU
		{23F01CFE-D401-4BB5-8878-C1EF76569DE2}.Debug|x86.Build.0 = Debug|Any CPU
		{23F01CFE-D401-4BB5-8878-C1EF76569DE2}.Release|Any CPU.ActiveCfg = Release|Any CPU
		{23F01CFE-D401-4BB5-8878-C1EF76569DE2}.Release|Any CPU.Build.0 = Release|Any CPU
		{23F01CFE-D401-4BB5-8878-C1EF76569DE2}.Release|x64.ActiveCfg = Release|Any CPU
		{23F01CFE-D401-4BB5-8878-C1EF76569DE2}.Release|x64.Build.0 = Release|Any CPU
		{23F01CFE-D401-4BB5-8878-C1EF76569DE2}.Release|x86.ActiveCfg = Release|Any CPU
		{23F01CFE-D401-4BB5-8878-C1EF76569DE2}.Release|x86.Build.0 = Release|Any CPU
		{486D4D59-8777-4FCA-95DC-65560F4016C8}.Debug|Any CPU.ActiveCfg = Debug|Any CPU
		{486D4D59-8777-4FCA-95DC-65560F4016C8}.Debug|Any CPU.Build.0 = Debug|Any CPU
		{486D4D59-8777-4FCA-95DC-65560F4016C8}.Debug|x64.ActiveCfg = Debug|Any CPU
		{486D4D59-8777-4FCA-95DC-65560F4016C8}.Debug|x64.Build.0 = Debug|Any CPU
		{486D4D59-8777-4FCA-95DC-65560F4016C8}.Debug|x86.ActiveCfg = Debug|Any CPU
		{486D4D59-8777-4FCA-95DC-65560F4016C8}.Debug|x86.Build.0 = Debug|Any CPU
		{486D4D59-8777-4FCA-95DC-65560F4016C8}.Release|Any CPU.ActiveCfg = Release|Any CPU
		{486D4D59-8777-4FCA-95DC-65560F4016C8}.Release|Any CPU.Build.0 = Release|Any CPU
		{486D4D59-8777-4FCA-95DC-65560F4016C8}.Release|x64.ActiveCfg = Release|Any CPU
		{486D4D59-8777-4FCA-95DC-65560F4016C8}.Release|x64.Build.0 = Release|Any CPU
		{486D4D59-8777-4FCA-95DC-65560F4016C8}.Release|x86.ActiveCfg = Release|Any CPU
		{486D4D59-8777-4FCA-95DC-65560F4016C8}.Release|x86.Build.0 = Release|Any CPU
		{0FC6BC59-9290-454C-87E7-EB6FDC17FFC4}.Debug|Any CPU.ActiveCfg = Debug|Any CPU
		{0FC6BC59-9290-454C-87E7-EB6FDC17FFC4}.Debug|Any CPU.Build.0 = Debug|Any CPU
		{0FC6BC59-9290-454C-87E7-EB6FDC17FFC4}.Debug|x64.ActiveCfg = Debug|Any CPU
		{0FC6BC59-9290-454C-87E7-EB6FDC17FFC4}.Debug|x64.Build.0 = Debug|Any CPU
		{0FC6BC59-9290-454C-87E7-EB6FDC17FFC4}.Debug|x86.ActiveCfg = Debug|Any CPU
		{0FC6BC59-9290-454C-87E7-EB6FDC17FFC4}.Debug|x86.Build.0 = Debug|Any CPU
		{0FC6BC59-9290-454C-87E7-EB6FDC17FFC4}.Release|Any CPU.ActiveCfg = Release|Any CPU
		{0FC6BC59-9290-454C-87E7-EB6FDC17FFC4}.Release|Any CPU.Build.0 = Release|Any CPU
		{0FC6BC59-9290-454C-87E7-EB6FDC17FFC4}.Release|x64.ActiveCfg = Release|Any CPU
		{0FC6BC59-9290-454C-87E7-EB6FDC17FFC4}.Release|x64.Build.0 = Release|Any CPU
		{0FC6BC59-9290-454C-87E7-EB6FDC17FFC4}.Release|x86.ActiveCfg = Release|Any CPU
		{0FC6BC59-9290-454C-87E7-EB6FDC17FFC4}.Release|x86.Build.0 = Release|Any CPU
		{E2DAAB7A-B189-49D9-8A01-1C7EA652938E}.Debug|Any CPU.ActiveCfg = Debug|Any CPU
		{E2DAAB7A-B189-49D9-8A01-1C7EA652938E}.Debug|Any CPU.Build.0 = Debug|Any CPU
		{E2DAAB7A-B189-49D9-8A01-1C7EA652938E}.Debug|x64.ActiveCfg = Debug|Any CPU
		{E2DAAB7A-B189-49D9-8A01-1C7EA652938E}.Debug|x64.Build.0 = Debug|Any CPU
		{E2DAAB7A-B189-49D9-8A01-1C7EA652938E}.Debug|x86.ActiveCfg = Debug|Any CPU
		{E2DAAB7A-B189-49D9-8A01-1C7EA652938E}.Debug|x86.Build.0 = Debug|Any CPU
		{E2DAAB7A-B189-49D9-8A01-1C7EA652938E}.Release|Any CPU.ActiveCfg = Release|Any CPU
		{E2DAAB7A-B189-49D9-8A01-1C7EA652938E}.Release|Any CPU.Build.0 = Release|Any CPU
		{E2DAAB7A-B189-49D9-8A01-1C7EA652938E}.Release|x64.ActiveCfg = Release|Any CPU
		{E2DAAB7A-B189-49D9-8A01-1C7EA652938E}.Release|x64.Build.0 = Release|Any CPU
		{E2DAAB7A-B189-49D9-8A01-1C7EA652938E}.Release|x86.ActiveCfg = Release|Any CPU
		{E2DAAB7A-B189-49D9-8A01-1C7EA652938E}.Release|x86.Build.0 = Release|Any CPU
		{79025AFE-038F-4F23-86E7-CC8153CA17EC}.Debug|Any CPU.ActiveCfg = Debug|Any CPU
		{79025AFE-038F-4F23-86E7-CC8153CA17EC}.Debug|Any CPU.Build.0 = Debug|Any CPU
		{79025AFE-038F-4F23-86E7-CC8153CA17EC}.Debug|x64.ActiveCfg = Debug|Any CPU
		{79025AFE-038F-4F23-86E7-CC8153CA17EC}.Debug|x64.Build.0 = Debug|Any CPU
		{79025AFE-038F-4F23-86E7-CC8153CA17EC}.Debug|x86.ActiveCfg = Debug|Any CPU
		{79025AFE-038F-4F23-86E7-CC8153CA17EC}.Debug|x86.Build.0 = Debug|Any CPU
		{79025AFE-038F-4F23-86E7-CC8153CA17EC}.Release|Any CPU.ActiveCfg = Release|Any CPU
		{79025AFE-038F-4F23-86E7-CC8153CA17EC}.Release|Any CPU.Build.0 = Release|Any CPU
		{79025AFE-038F-4F23-86E7-CC8153CA17EC}.Release|x64.ActiveCfg = Release|Any CPU
		{79025AFE-038F-4F23-86E7-CC8153CA17EC}.Release|x64.Build.0 = Release|Any CPU
		{79025AFE-038F-4F23-86E7-CC8153CA17EC}.Release|x86.ActiveCfg = Release|Any CPU
		{79025AFE-038F-4F23-86E7-CC8153CA17EC}.Release|x86.Build.0 = Release|Any CPU
		{2CD1CCFF-68DF-44CA-A569-D4E25A5F22EC}.Debug|Any CPU.ActiveCfg = Debug|Any CPU
		{2CD1CCFF-68DF-44CA-A569-D4E25A5F22EC}.Debug|Any CPU.Build.0 = Debug|Any CPU
		{2CD1CCFF-68DF-44CA-A569-D4E25A5F22EC}.Debug|x64.ActiveCfg = Debug|Any CPU
		{2CD1CCFF-68DF-44CA-A569-D4E25A5F22EC}.Debug|x64.Build.0 = Debug|Any CPU
		{2CD1CCFF-68DF-44CA-A569-D4E25A5F22EC}.Debug|x86.ActiveCfg = Debug|Any CPU
		{2CD1CCFF-68DF-44CA-A569-D4E25A5F22EC}.Debug|x86.Build.0 = Debug|Any CPU
		{2CD1CCFF-68DF-44CA-A569-D4E25A5F22EC}.Release|Any CPU.ActiveCfg = Release|Any CPU
		{2CD1CCFF-68DF-44CA-A569-D4E25A5F22EC}.Release|Any CPU.Build.0 = Release|Any CPU
		{2CD1CCFF-68DF-44CA-A569-D4E25A5F22EC}.Release|x64.ActiveCfg = Release|Any CPU
		{2CD1CCFF-68DF-44CA-A569-D4E25A5F22EC}.Release|x64.Build.0 = Release|Any CPU
		{2CD1CCFF-68DF-44CA-A569-D4E25A5F22EC}.Release|x86.ActiveCfg = Release|Any CPU
		{2CD1CCFF-68DF-44CA-A569-D4E25A5F22EC}.Release|x86.Build.0 = Release|Any CPU
	EndGlobalSection
	GlobalSection(SolutionProperties) = preSolution
		HideSolutionNode = FALSE
	EndGlobalSection
	GlobalSection(ExtensibilityGlobals) = postSolution
		SolutionGuid = {D897D86E-1777-468C-8585-5D9F2F3EE328}
	EndGlobalSection
EndGlobal
